
Microsoft Visual Studio Solution File, Format Version 12.00
# Visual Studio Version 17
VisualStudioVersion = 17.6.33829.357
MinimumVisualStudioVersion = 10.0.40219.1
Project("{FAE04EC0-301F-11D3-BF4B-00C04F79EFBC}") = "DapperPractice1", "DapperPractice1\DapperPractice1.csproj", "{4E37843C-DA87-4D12-BF78-F1A1893310D6}"
EndProject
Global
	GlobalSection(SolutionConfigurationPlatforms) = preSolution
		Debug|Any CPU = Debug|Any CPU
		Release|Any CPU = Release|Any CPU
	EndGlobalSection
	GlobalSection(ProjectConfigurationPlatforms) = postSolution
		{4E37843C-DA87-4D12-BF78-F1A1893310D6}.Debug|Any CPU.ActiveCfg = Debug|Any CPU
		{4E37843C-DA87-4D12-BF78-F1A1893310D6}.Debug|Any CPU.Build.0 = Debug|Any CPU
		{4E37843C-DA87-4D12-BF78-F1A1893310D6}.Release|Any CPU.ActiveCfg = Release|Any CPU
		{4E37843C-DA87-4D12-BF78-F1A1893310D6}.Release|Any CPU.Build.0 = Release|Any CPU
	EndGlobalSection
	GlobalSection(SolutionProperties) = preSolution
		HideSolutionNode = FALSE
	EndGlobalSection
	GlobalSection(ExtensibilityGlobals) = postSolution
		SolutionGuid = {033D6B8F-7F98-47E3-ABF1-06A46319F8A3}
	EndGlobalSection
EndGlobal
